
Microsoft Visual Studio Solution File, Format Version 12.00
# Visual Studio Version 16
VisualStudioVersion = 16.0.30413.136
MinimumVisualStudioVersion = 10.0.40219.1
Project("{FAE04EC0-301F-11D3-BF4B-00C04F79EFBC}") = "DEB", "DEB\DEB.csproj", "{9E70222C-B8CC-495B-9809-A53893E43571}"
EndProject
Global
	GlobalSection(SolutionConfigurationPlatforms) = preSolution
		Debug|Any CPU = Debug|Any CPU
		Release|Any CPU = Release|Any CPU
	EndGlobalSection
	GlobalSection(ProjectConfigurationPlatforms) = postSolution
		{9E70222C-B8CC-495B-9809-A53893E43571}.Debug|Any CPU.ActiveCfg = Debug|Any CPU
		{9E70222C-B8CC-495B-9809-A53893E43571}.Debug|Any CPU.Build.0 = Debug|Any CPU
		{9E70222C-B8CC-495B-9809-A53893E43571}.Release|Any CPU.ActiveCfg = Release|Any CPU
		{9E70222C-B8CC-495B-9809-A53893E43571}.Release|Any CPU.Build.0 = Release|Any CPU
	EndGlobalSection
	GlobalSection(SolutionProperties) = preSolution
		HideSolutionNode = FALSE
	EndGlobalSection
	GlobalSection(ExtensibilityGlobals) = postSolution
		SolutionGuid = {777D3635-6C09-4A0B-BF9E-D0F611F2D19F}
	EndGlobalSection
EndGlobal
